// !$*UTF8*$!
{
	archiveVersion = 1;
	classes = {
	};
	objectVersion = 50;
	objects = {

/* Begin PBXBuildFile section */
		4E0E98A82331D5FE0059838A /* TableViewCell.swift in Sources */ = {isa = PBXBuildFile; fileRef = 4E0E98A72331D5FE0059838A /* TableViewCell.swift */; };
		4E0E98AB2331EC550059838A /* T05_XML.storyboard in Resources */ = {isa = PBXBuildFile; fileRef = 4E0E98AA2331EC550059838A /* T05_XML.storyboard */; };
		4E0E98AD2331ECD00059838A /* XmlVC.swift in Sources */ = {isa = PBXBuildFile; fileRef = 4E0E98AC2331ECD00059838A /* XmlVC.swift */; };
		4E4D37C223309B1A00B767F6 /* AppDelegate.swift in Sources */ = {isa = PBXBuildFile; fileRef = 4E4D37C123309B1A00B767F6 /* AppDelegate.swift */; };
		4E4D37C423309B1A00B767F6 /* ViewController.swift in Sources */ = {isa = PBXBuildFile; fileRef = 4E4D37C323309B1A00B767F6 /* ViewController.swift */; };
		4E4D37C723309B1A00B767F6 /* Main.storyboard in Resources */ = {isa = PBXBuildFile; fileRef = 4E4D37C523309B1A00B767F6 /* Main.storyboard */; };
		4E4D37CA23309B1A00B767F6 /* IosSwift190917.xcdatamodeld in Sources */ = {isa = PBXBuildFile; fileRef = 4E4D37C823309B1A00B767F6 /* IosSwift190917.xcdatamodeld */; };
		4E4D37CC23309B1C00B767F6 /* Assets.xcassets in Resources */ = {isa = PBXBuildFile; fileRef = 4E4D37CB23309B1C00B767F6 /* Assets.xcassets */; };
		4E4D37CF23309B1C00B767F6 /* LaunchScreen.storyboard in Resources */ = {isa = PBXBuildFile; fileRef = 4E4D37CD23309B1C00B767F6 /* LaunchScreen.storyboard */; };
		4E4D37D82330AD7600B767F6 /* T01_ViewTransition.storyboard in Resources */ = {isa = PBXBuildFile; fileRef = 4E4D37D72330AD7600B767F6 /* T01_ViewTransition.storyboard */; };
		4E4D37DA2330AF9700B767F6 /* FirstVC.swift in Sources */ = {isa = PBXBuildFile; fileRef = 4E4D37D92330AF9700B767F6 /* FirstVC.swift */; };
		4E4D37DC2330B6E100B767F6 /* SecondVC.swift in Sources */ = {isa = PBXBuildFile; fileRef = 4E4D37DB2330B6E100B767F6 /* SecondVC.swift */; };
		4E4D37DF2330C95E00B767F6 /* T02_AlertViewController.storyboard in Resources */ = {isa = PBXBuildFile; fileRef = 4E4D37DE2330C95E00B767F6 /* T02_AlertViewController.storyboard */; };
		4E4D37E12330C9F300B767F6 /* AlertVC.swift in Sources */ = {isa = PBXBuildFile; fileRef = 4E4D37E02330C9F300B767F6 /* AlertVC.swift */; };
		4E4D37E42330D34300B767F6 /* T03_ImagePickerViewController.storyboard in Resources */ = {isa = PBXBuildFile; fileRef = 4E4D37E32330D34300B767F6 /* T03_ImagePickerViewController.storyboard */; };
		4E4D37E62330D3C800B767F6 /* ImagePickVC.swift in Sources */ = {isa = PBXBuildFile; fileRef = 4E4D37E52330D3C800B767F6 /* ImagePickVC.swift */; };
		4E4D37EB2331C3F300B767F6 /* TableView.storyboard in Resources */ = {isa = PBXBuildFile; fileRef = 4E4D37EA2331C3F300B767F6 /* TableView.storyboard */; };
		4E4D37ED2331C6A200B767F6 /* TableViewController.swift in Sources */ = {isa = PBXBuildFile; fileRef = 4E4D37EC2331C6A200B767F6 /* TableViewController.swift */; };
/* End PBXBuildFile section */

/* Begin PBXFileReference section */
		4E0E98A72331D5FE0059838A /* TableViewCell.swift */ = {isa = PBXFileReference; lastKnownFileType = sourcecode.swift; path = TableViewCell.swift; sourceTree = "<group>"; };
		4E0E98AA2331EC550059838A /* T05_XML.storyboard */ = {isa = PBXFileReference; lastKnownFileType = file.storyboard; path = T05_XML.storyboard; sourceTree = "<group>"; };
		4E0E98AC2331ECD00059838A /* XmlVC.swift */ = {isa = PBXFileReference; lastKnownFileType = sourcecode.swift; path = XmlVC.swift; sourceTree = "<group>"; };
		4E4D37BE23309B1A00B767F6 /* IosSwift190917.app */ = {isa = PBXFileReference; explicitFileType = wrapper.application; includeInIndex = 0; path = IosSwift190917.app; sourceTree = BUILT_PRODUCTS_DIR; };
		4E4D37C123309B1A00B767F6 /* AppDelegate.swift */ = {isa = PBXFileReference; lastKnownFileType = sourcecode.swift; path = AppDelegate.swift; sourceTree = "<group>"; };
		4E4D37C323309B1A00B767F6 /* ViewController.swift */ = {isa = PBXFileReference; lastKnownFileType = sourcecode.swift; path = ViewController.swift; sourceTree = "<group>"; };
		4E4D37C623309B1A00B767F6 /* Base */ = {isa = PBXFileReference; lastKnownFileType = file.storyboard; name = Base; path = Base.lproj/Main.storyboard; sourceTree = "<group>"; };
		4E4D37C923309B1A00B767F6 /* IosSwift190917.xcdatamodel */ = {isa = PBXFileReference; lastKnownFileType = wrapper.xcdatamodel; path = IosSwift190917.xcdatamodel; sourceTree = "<group>"; };
		4E4D37CB23309B1C00B767F6 /* Assets.xcassets */ = {isa = PBXFileReference; lastKnownFileType = folder.assetcatalog; path = Assets.xcassets; sourceTree = "<group>"; };
		4E4D37CE23309B1C00B767F6 /* Base */ = {isa = PBXFileReference; lastKnownFileType = file.storyboard; name = Base; path = Base.lproj/LaunchScreen.storyboard; sourceTree = "<group>"; };
		4E4D37D023309B1C00B767F6 /* Info.plist */ = {isa = PBXFileReference; lastKnownFileType = text.plist.xml; path = Info.plist; sourceTree = "<group>"; };
		4E4D37D72330AD7600B767F6 /* T01_ViewTransition.storyboard */ = {isa = PBXFileReference; lastKnownFileType = file.storyboard; path = T01_ViewTransition.storyboard; sourceTree = "<group>"; };
		4E4D37D92330AF9700B767F6 /* FirstVC.swift */ = {isa = PBXFileReference; lastKnownFileType = sourcecode.swift; path = FirstVC.swift; sourceTree = "<group>"; };
		4E4D37DB2330B6E100B767F6 /* SecondVC.swift */ = {isa = PBXFileReference; lastKnownFileType = sourcecode.swift; path = SecondVC.swift; sourceTree = "<group>"; };
		4E4D37DE2330C95E00B767F6 /* T02_AlertViewController.storyboard */ = {isa = PBXFileReference; lastKnownFileType = file.storyboard; path = T02_AlertViewController.storyboard; sourceTree = "<group>"; };
		4E4D37E02330C9F300B767F6 /* AlertVC.swift */ = {isa = PBXFileReference; lastKnownFileType = sourcecode.swift; path = AlertVC.swift; sourceTree = "<group>"; };
		4E4D37E32330D34300B767F6 /* T03_ImagePickerViewController.storyboard */ = {isa = PBXFileReference; lastKnownFileType = file.storyboard; path = T03_ImagePickerViewController.storyboard; sourceTree = "<group>"; };
		4E4D37E52330D3C800B767F6 /* ImagePickVC.swift */ = {isa = PBXFileReference; lastKnownFileType = sourcecode.swift; path = ImagePickVC.swift; sourceTree = "<group>"; };
		4E4D37EA2331C3F300B767F6 /* TableView.storyboard */ = {isa = PBXFileReference; lastKnownFileType = file.storyboard; path = TableView.storyboard; sourceTree = "<group>"; };
		4E4D37EC2331C6A200B767F6 /* TableViewController.swift */ = {isa = PBXFileReference; lastKnownFileType = sourcecode.swift; path = TableViewController.swift; sourceTree = "<group>"; };
/* End PBXFileReference section */

/* Begin PBXFrameworksBuildPhase section */
		4E4D37BB23309B1A00B767F6 /* Frameworks */ = {
			isa = PBXFrameworksBuildPhase;
			buildActionMask = 2147483647;
			files = (
			);
			runOnlyForDeploymentPostprocessing = 0;
		};
/* End PBXFrameworksBuildPhase section */

/* Begin PBXGroup section */
		4E0E98A92331EC2C0059838A /* T05_XML */ = {
			isa = PBXGroup;
			children = (
				4E0E98AA2331EC550059838A /* T05_XML.storyboard */,
				4E0E98AC2331ECD00059838A /* XmlVC.swift */,
			);
			path = T05_XML;
			sourceTree = "<group>";
		};
		4E4D37B523309B1A00B767F6 = {
			isa = PBXGroup;
			children = (
				4E4D37C023309B1A00B767F6 /* IosSwift190917 */,
				4E4D37BF23309B1A00B767F6 /* Products */,
			);
			sourceTree = "<group>";
		};
		4E4D37BF23309B1A00B767F6 /* Products */ = {
			isa = PBXGroup;
			children = (
				4E4D37BE23309B1A00B767F6 /* IosSwift190917.app */,
			);
			name = Products;
			sourceTree = "<group>";
		};
		4E4D37C023309B1A00B767F6 /* IosSwift190917 */ = {
			isa = PBXGroup;
			children = (
				4E0E98A92331EC2C0059838A /* T05_XML */,
				4E4D37E92331C39B00B767F6 /* T04_TablewView */,
				4E4D37E22330D2F500B767F6 /* T03_ImagePickerController */,
				4E4D37DD2330C91D00B767F6 /* T02_AlertViewController */,
				4E4D37D62330ACC000B767F6 /* T01_ViewTransition */,
				4E4D37C123309B1A00B767F6 /* AppDelegate.swift */,
				4E4D37C323309B1A00B767F6 /* ViewController.swift */,
				4E4D37C523309B1A00B767F6 /* Main.storyboard */,
				4E4D37CB23309B1C00B767F6 /* Assets.xcassets */,
				4E4D37CD23309B1C00B767F6 /* LaunchScreen.storyboard */,
				4E4D37D023309B1C00B767F6 /* Info.plist */,
				4E4D37C823309B1A00B767F6 /* IosSwift190917.xcdatamodeld */,
			);
			path = IosSwift190917;
			sourceTree = "<group>";
		};
		4E4D37D62330ACC000B767F6 /* T01_ViewTransition */ = {
			isa = PBXGroup;
			children = (
				4E4D37D72330AD7600B767F6 /* T01_ViewTransition.storyboard */,
				4E4D37D92330AF9700B767F6 /* FirstVC.swift */,
				4E4D37DB2330B6E100B767F6 /* SecondVC.swift */,
			);
			path = T01_ViewTransition;
			sourceTree = "<group>";
		};
		4E4D37DD2330C91D00B767F6 /* T02_AlertViewController */ = {
			isa = PBXGroup;
			children = (
				4E4D37DE2330C95E00B767F6 /* T02_AlertViewController.storyboard */,
				4E4D37E02330C9F300B767F6 /* AlertVC.swift */,
			);
			path = T02_AlertViewController;
			sourceTree = "<group>";
		};
		4E4D37E22330D2F500B767F6 /* T03_ImagePickerController */ = {
			isa = PBXGroup;
			children = (
				4E4D37E32330D34300B767F6 /* T03_ImagePickerViewController.storyboard */,
				4E4D37E52330D3C800B767F6 /* ImagePickVC.swift */,
			);
			path = T03_ImagePickerController;
			sourceTree = "<group>";
		};
		4E4D37E92331C39B00B767F6 /* T04_TablewView */ = {
			isa = PBXGroup;
			children = (
				4E4D37EA2331C3F300B767F6 /* TableView.storyboard */,
				4E4D37EC2331C6A200B767F6 /* TableViewController.swift */,
				4E0E98A72331D5FE0059838A /* TableViewCell.swift */,
			);
			path = T04_TablewView;
			sourceTree = "<group>";
		};
/* End PBXGroup section */

/* Begin PBXNativeTarget section */
		4E4D37BD23309B1A00B767F6 /* IosSwift190917 */ = {
			isa = PBXNativeTarget;
			buildConfigurationList = 4E4D37D323309B1C00B767F6 /* Build configuration list for PBXNativeTarget "IosSwift190917" */;
			buildPhases = (
				4E4D37BA23309B1A00B767F6 /* Sources */,
				4E4D37BB23309B1A00B767F6 /* Frameworks */,
				4E4D37BC23309B1A00B767F6 /* Resources */,
			);
			buildRules = (
			);
			dependencies = (
			);
			name = IosSwift190917;
			productName = IosSwift190917;
			productReference = 4E4D37BE23309B1A00B767F6 /* IosSwift190917.app */;
			productType = "com.apple.product-type.application";
		};
/* End PBXNativeTarget section */

/* Begin PBXProject section */
		4E4D37B623309B1A00B767F6 /* Project object */ = {
			isa = PBXProject;
			attributes = {
				LastSwiftUpdateCheck = 1030;
				LastUpgradeCheck = 1030;
				ORGANIZATIONNAME = "박재현";
				TargetAttributes = {
					4E4D37BD23309B1A00B767F6 = {
						CreatedOnToolsVersion = 10.3;
					};
				};
			};
			buildConfigurationList = 4E4D37B923309B1A00B767F6 /* Build configuration list for PBXProject "IosSwift190917" */;
			compatibilityVersion = "Xcode 9.3";
			developmentRegion = en;
			hasScannedForEncodings = 0;
			knownRegions = (
				en,
				Base,
			);
			mainGroup = 4E4D37B523309B1A00B767F6;
			productRefGroup = 4E4D37BF23309B1A00B767F6 /* Products */;
			projectDirPath = "";
			projectRoot = "";
			targets = (
				4E4D37BD23309B1A00B767F6 /* IosSwift190917 */,
			);
		};
/* End PBXProject section */

/* Begin PBXResourcesBuildPhase section */
		4E4D37BC23309B1A00B767F6 /* Resources */ = {
			isa = PBXResourcesBuildPhase;
			buildActionMask = 2147483647;
			files = (
				4E4D37CF23309B1C00B767F6 /* LaunchScreen.storyboard in Resources */,
				4E4D37E42330D34300B767F6 /* T03_ImagePickerViewController.storyboard in Resources */,
				4E0E98AB2331EC550059838A /* T05_XML.storyboard in Resources */,
				4E4D37CC23309B1C00B767F6 /* Assets.xcassets in Resources */,
				4E4D37D82330AD7600B767F6 /* T01_ViewTransition.storyboard in Resources */,
				4E4D37C723309B1A00B767F6 /* Main.storyboard in Resources */,
				4E4D37DF2330C95E00B767F6 /* T02_AlertViewController.storyboard in Resources */,
				4E4D37EB2331C3F300B767F6 /* TableView.storyboard in Resources */,
			);
			runOnlyForDeploymentPostprocessing = 0;
		};
/* End PBXResourcesBuildPhase section */

/* Begin PBXSourcesBuildPhase section */
		4E4D37BA23309B1A00B767F6 /* Sources */ = {
			isa = PBXSourcesBuildPhase;
			buildActionMask = 2147483647;
			files = (
				4E4D37C423309B1A00B767F6 /* ViewController.swift in Sources */,
				4E4D37DC2330B6E100B767F6 /* SecondVC.swift in Sources */,
				4E4D37DA2330AF9700B767F6 /* FirstVC.swift in Sources */,
				4E0E98A82331D5FE0059838A /* TableViewCell.swift in Sources */,
				4E4D37ED2331C6A200B767F6 /* TableViewController.swift in Sources */,
				4E4D37E12330C9F300B767F6 /* AlertVC.swift in Sources */,
				4E0E98AD2331ECD00059838A /* XmlVC.swift in Sources */,
				4E4D37C223309B1A00B767F6 /* AppDelegate.swift in Sources */,
				4E4D37E62330D3C800B767F6 /* ImagePickVC.swift in Sources */,
				4E4D37CA23309B1A00B767F6 /* IosSwift190917.xcdatamodeld in Sources */,
			);
			runOnlyForDeploymentPostprocessing = 0;
		};
/* End PBXSourcesBuildPhase section */

/* Begin PBXVariantGroup section */
		4E4D37C523309B1A00B767F6 /* Main.storyboard */ = {
			isa = PBXVariantGroup;
			children = (
				4E4D37C623309B1A00B767F6 /* Base */,
			);
			name = Main.storyboard;
			sourceTree = "<group>";
		};
		4E4D37CD23309B1C00B767F6 /* LaunchScreen.storyboard */ = {
			isa = PBXVariantGroup;
			children = (
				4E4D37CE23309B1C00B767F6 /* Base */,
			);
			name = LaunchScreen.storyboard;
			sourceTree = "<group>";
		};
/* End PBXVariantGroup section */

/* Begin XCBuildConfiguration section */
		4E4D37D123309B1C00B767F6 /* Debug */ = {
			isa = XCBuildConfiguration;
			buildSettings = {
				ALWAYS_SEARCH_USER_PATHS = NO;
				CLANG_ANALYZER_NONNULL = YES;
				CLANG_ANALYZER_NUMBER_OBJECT_CONVERSION = YES_AGGRESSIVE;
				CLANG_CXX_LANGUAGE_STANDARD = "gnu++14";
				CLANG_CXX_LIBRARY = "libc++";
				CLANG_ENABLE_MODULES = YES;
				CLANG_ENABLE_OBJC_ARC = YES;
				CLANG_ENABLE_OBJC_WEAK = YES;
				CLANG_WARN_BLOCK_CAPTURE_AUTORELEASING = YES;
				CLANG_WARN_BOOL_CONVERSION = YES;
				CLANG_WARN_COMMA = YES;
				CLANG_WARN_CONSTANT_CONVERSION = YES;
				CLANG_WARN_DEPRECATED_OBJC_IMPLEMENTATIONS = YES;
				CLANG_WARN_DIRECT_OBJC_ISA_USAGE = YES_ERROR;
				CLANG_WARN_DOCUMENTATION_COMMENTS = YES;
				CLANG_WARN_EMPTY_BODY = YES;
				CLANG_WARN_ENUM_CONVERSION = YES;
				CLANG_WARN_INFINITE_RECURSION = YES;
				CLANG_WARN_INT_CONVERSION = YES;
				CLANG_WARN_NON_LITERAL_NULL_CONVERSION = YES;
				CLANG_WARN_OBJC_IMPLICIT_RETAIN_SELF = YES;
				CLANG_WARN_OBJC_LITERAL_CONVERSION = YES;
				CLANG_WARN_OBJC_ROOT_CLASS = YES_ERROR;
				CLANG_WARN_RANGE_LOOP_ANALYSIS = YES;
				CLANG_WARN_STRICT_PROTOTYPES = YES;
				CLANG_WARN_SUSPICIOUS_MOVE = YES;
				CLANG_WARN_UNGUARDED_AVAILABILITY = YES_AGGRESSIVE;
				CLANG_WARN_UNREACHABLE_CODE = YES;
				CLANG_WARN__DUPLICATE_METHOD_MATCH = YES;
				CODE_SIGN_IDENTITY = "iPhone Developer";
				COPY_PHASE_STRIP = NO;
				DEBUG_INFORMATION_FORMAT = dwarf;
				ENABLE_STRICT_OBJC_MSGSEND = YES;
				ENABLE_TESTABILITY = YES;
				GCC_C_LANGUAGE_STANDARD = gnu11;
				GCC_DYNAMIC_NO_PIC = NO;
				GCC_NO_COMMON_BLOCKS = YES;
				GCC_OPTIMIZATION_LEVEL = 0;
				GCC_PREPROCESSOR_DEFINITIONS = (
					"DEBUG=1",
					"$(inherited)",
				);
				GCC_WARN_64_TO_32_BIT_CONVERSION = YES;
				GCC_WARN_ABOUT_RETURN_TYPE = YES_ERROR;
				GCC_WARN_UNDECLARED_SELECTOR = YES;
				GCC_WARN_UNINITIALIZED_AUTOS = YES_AGGRESSIVE;
				GCC_WARN_UNUSED_FUNCTION = YES;
				GCC_WARN_UNUSED_VARIABLE = YES;
				IPHONEOS_DEPLOYMENT_TARGET = 12.4;
				MTL_ENABLE_DEBUG_INFO = INCLUDE_SOURCE;
				MTL_FAST_MATH = YES;
				ONLY_ACTIVE_ARCH = YES;
				SDKROOT = iphoneos;
				SWIFT_ACTIVE_COMPILATION_CONDITIONS = DEBUG;
				SWIFT_OPTIMIZATION_LEVEL = "-Onone";
			};
			name = Debug;
		};
		4E4D37D223309B1C00B767F6 /* Release */ = {
			isa = XCBuildConfiguration;
			buildSettings = {
				ALWAYS_SEARCH_USER_PATHS = NO;
				CLANG_ANALYZER_NONNULL = YES;
				CLANG_ANALYZER_NUMBER_OBJECT_CONVERSION = YES_AGGRESSIVE;
				CLANG_CXX_LANGUAGE_STANDARD = "gnu++14";
				CLANG_CXX_LIBRARY = "libc++";
				CLANG_ENABLE_MODULES = YES;
				CLANG_ENABLE_OBJC_ARC = YES;
				CLANG_ENABLE_OBJC_WEAK = YES;
				CLANG_WARN_BLOCK_CAPTURE_AUTORELEASING = YES;
				CLANG_WARN_BOOL_CONVERSION = YES;
				CLANG_WARN_COMMA = YES;
				CLANG_WARN_CONSTANT_CONVERSION = YES;
				CLANG_WARN_DEPRECATED_OBJC_IMPLEMENTATIONS = YES;
				CLANG_WARN_DIRECT_OBJC_ISA_USAGE = YES_ERROR;
				CLANG_WARN_DOCUMENTATION_COMMENTS = YES;
				CLANG_WARN_EMPTY_BODY = YES;
				CLANG_WARN_ENUM_CONVERSION = YES;
				CLANG_WARN_INFINITE_RECURSION = YES;
				CLANG_WARN_INT_CONVERSION = YES;
				CLANG_WARN_NON_LITERAL_NULL_CONVERSION = YES;
				CLANG_WARN_OBJC_IMPLICIT_RETAIN_SELF = YES;
				CLANG_WARN_OBJC_LITERAL_CONVERSION = YES;
				CLANG_WARN_OBJC_ROOT_CLASS = YES_ERROR;
				CLANG_WARN_RANGE_LOOP_ANALYSIS = YES;
				CLANG_WARN_STRICT_PROTOTYPES = YES;
				CLANG_WARN_SUSPICIOUS_MOVE = YES;
				CLANG_WARN_UNGUARDED_AVAILABILITY = YES_AGGRESSIVE;
				CLANG_WARN_UNREACHABLE_CODE = YES;
				CLANG_WARN__DUPLICATE_METHOD_MATCH = YES;
				CODE_SIGN_IDENTITY = "iPhone Developer";
				COPY_PHASE_STRIP = NO;
				DEBUG_INFORMATION_FORMAT = "dwarf-with-dsym";
				ENABLE_NS_ASSERTIONS = NO;
				ENABLE_STRICT_OBJC_MSGSEND = YES;
				GCC_C_LANGUAGE_STANDARD = gnu11;
				GCC_NO_COMMON_BLOCKS = YES;
				GCC_WARN_64_TO_32_BIT_CONVERSION = YES;
				GCC_WARN_ABOUT_RETURN_TYPE = YES_ERROR;
				GCC_WARN_UNDECLARED_SELECTOR = YES;
				GCC_WARN_UNINITIALIZED_AUTOS = YES_AGGRESSIVE;
				GCC_WARN_UNUSED_FUNCTION = YES;
				GCC_WARN_UNUSED_VARIABLE = YES;
				IPHONEOS_DEPLOYMENT_TARGET = 12.4;
				MTL_ENABLE_DEBUG_INFO = NO;
				MTL_FAST_MATH = YES;
				SDKROOT = iphoneos;
				SWIFT_COMPILATION_MODE = wholemodule;
				SWIFT_OPTIMIZATION_LEVEL = "-O";
				VALIDATE_PRODUCT = YES;
			};
			name = Release;
		};
		4E4D37D423309B1C00B767F6 /* Debug */ = {
			isa = XCBuildConfiguration;
			buildSettings = {
				ASSETCATALOG_COMPILER_APPICON_NAME = AppIcon;
				CODE_SIGN_STYLE = Automatic;
				INFOPLIST_FILE = IosSwift190917/Info.plist;
				LD_RUNPATH_SEARCH_PATHS = (
					"$(inherited)",
					"@executable_path/Frameworks",
				);
				PRODUCT_BUNDLE_IDENTIFIER = com.example.IosSwift190917;
				PRODUCT_NAME = "$(TARGET_NAME)";
				SWIFT_VERSION = 5.0;
				TARGETED_DEVICE_FAMILY = "1,2";
			};
			name = Debug;
		};
		4E4D37D523309B1C00B767F6 /* Release */ = {
			isa = XCBuildConfiguration;
			buildSettings = {
				ASSETCATALOG_COMPILER_APPICON_NAME = AppIcon;
				CODE_SIGN_STYLE = Automatic;
				INFOPLIST_FILE = IosSwift190917/Info.plist;
				LD_RUNPATH_SEARCH_PATHS = (
					"$(inherited)",
					"@executable_path/Frameworks",
				);
				PRODUCT_BUNDLE_IDENTIFIER = com.example.IosSwift190917;
				PRODUCT_NAME = "$(TARGET_NAME)";
				SWIFT_VERSION = 5.0;
				TARGETED_DEVICE_FAMILY = "1,2";
			};
			name = Release;
		};
/* End XCBuildConfiguration section */

/* Begin XCConfigurationList section */
		4E4D37B923309B1A00B767F6 /* Build configuration list for PBXProject "IosSwift190917" */ = {
			isa = XCConfigurationList;
			buildConfigurations = (
				4E4D37D123309B1C00B767F6 /* Debug */,
				4E4D37D223309B1C00B767F6 /* Release */,
			);
			defaultConfigurationIsVisible = 0;
			defaultConfigurationName = Release;
		};
		4E4D37D323309B1C00B767F6 /* Build configuration list for PBXNativeTarget "IosSwift190917" */ = {
			isa = XCConfigurationList;
			buildConfigurations = (
				4E4D37D423309B1C00B767F6 /* Debug */,
				4E4D37D523309B1C00B767F6 /* Release */,
			);
			defaultConfigurationIsVisible = 0;
			defaultConfigurationName = Release;
		};
/* End XCConfigurationList section */

/* Begin XCVersionGroup section */
		4E4D37C823309B1A00B767F6 /* IosSwift190917.xcdatamodeld */ = {
			isa = XCVersionGroup;
			children = (
				4E4D37C923309B1A00B767F6 /* IosSwift190917.xcdatamodel */,
			);
			currentVersion = 4E4D37C923309B1A00B767F6 /* IosSwift190917.xcdatamodel */;
			path = IosSwift190917.xcdatamodeld;
			sourceTree = "<group>";
			versionGroupType = wrapper.xcdatamodel;
		};
/* End XCVersionGroup section */
	};
	rootObject = 4E4D37B623309B1A00B767F6 /* Project object */;
}
